
Microsoft Visual Studio Solution File, Format Version 12.00
# Visual Studio Version 17
VisualStudioVersion = 17.0.32014.148
MinimumVisualStudioVersion = 10.0.40219.1
Project("{FAE04EC0-301F-11D3-BF4B-00C04F79EFBC}") = "DVDUtilities", "DVDUtilities\DVDUtilities.csproj", "{976722C4-FA3E-4D44-A8D7-F71F6CC3C442}"
EndProject
Project("{FAE04EC0-301F-11D3-BF4B-00C04F79EFBC}") = "DVDReadTest", "DVDReadTest\DVDReadTest.csproj", "{0F6F8D75-CED3-4923-AF0F-5A88D9661279}"
EndProject
Global
	GlobalSection(SolutionConfigurationPlatforms) = preSolution
		Debug|Any CPU = Debug|Any CPU
		Release|Any CPU = Release|Any CPU
	EndGlobalSection
	GlobalSection(ProjectConfigurationPlatforms) = postSolution
		{976722C4-FA3E-4D44-A8D7-F71F6CC3C442}.Debug|Any CPU.ActiveCfg = Debug|Any CPU
		{976722C4-FA3E-4D44-A8D7-F71F6CC3C442}.Debug|Any CPU.Build.0 = Debug|Any CPU
		{976722C4-FA3E-4D44-A8D7-F71F6CC3C442}.Release|Any CPU.ActiveCfg = Release|Any CPU
		{976722C4-FA3E-4D44-A8D7-F71F6CC3C442}.Release|Any CPU.Build.0 = Release|Any CPU
		{0F6F8D75-CED3-4923-AF0F-5A88D9661279}.Debug|Any CPU.ActiveCfg = Debug|Any CPU
		{0F6F8D75-CED3-4923-AF0F-5A88D9661279}.Debug|Any CPU.Build.0 = Debug|Any CPU
		{0F6F8D75-CED3-4923-AF0F-5A88D9661279}.Release|Any CPU.ActiveCfg = Release|Any CPU
		{0F6F8D75-CED3-4923-AF0F-5A88D9661279}.Release|Any CPU.Build.0 = Release|Any CPU
	EndGlobalSection
	GlobalSection(SolutionProperties) = preSolution
		HideSolutionNode = FALSE
	EndGlobalSection
	GlobalSection(ExtensibilityGlobals) = postSolution
		SolutionGuid = {0EECA893-997A-4CCE-9ED2-AE6C6462C95B}
	EndGlobalSection
EndGlobal
